
Microsoft Visual Studio Solution File, Format Version 12.00
# Visual Studio 15
VisualStudioVersion = 15.0.28307.106
MinimumVisualStudioVersion = 10.0.40219.1
Project("{FAE04EC0-301F-11D3-BF4B-00C04F79EFBC}") = "DBApp", "DBApp\DBApp.csproj", "{57200390-77CB-4787-ADBF-254F6F37151B}"
EndProject
Project("{FAE04EC0-301F-11D3-BF4B-00C04F79EFBC}") = "UrunEkrani", "UrunEkrani\UrunEkrani.csproj", "{65325908-50FE-4778-8316-993728D48914}"
EndProject
Global
	GlobalSection(SolutionConfigurationPlatforms) = preSolution
		Debug|Any CPU = Debug|Any CPU
		Release|Any CPU = Release|Any CPU
	EndGlobalSection
	GlobalSection(ProjectConfigurationPlatforms) = postSolution
		{57200390-77CB-4787-ADBF-254F6F37151B}.Debug|Any CPU.ActiveCfg = Debug|Any CPU
		{57200390-77CB-4787-ADBF-254F6F37151B}.Debug|Any CPU.Build.0 = Debug|Any CPU
		{57200390-77CB-4787-ADBF-254F6F37151B}.Release|Any CPU.ActiveCfg = Release|Any CPU
		{57200390-77CB-4787-ADBF-254F6F37151B}.Release|Any CPU.Build.0 = Release|Any CPU
		{65325908-50FE-4778-8316-993728D48914}.Debug|Any CPU.ActiveCfg = Debug|Any CPU
		{65325908-50FE-4778-8316-993728D48914}.Debug|Any CPU.Build.0 = Debug|Any CPU
		{65325908-50FE-4778-8316-993728D48914}.Release|Any CPU.ActiveCfg = Release|Any CPU
		{65325908-50FE-4778-8316-993728D48914}.Release|Any CPU.Build.0 = Release|Any CPU
	EndGlobalSection
	GlobalSection(SolutionProperties) = preSolution
		HideSolutionNode = FALSE
	EndGlobalSection
	GlobalSection(ExtensibilityGlobals) = postSolution
		SolutionGuid = {BBA00889-9E81-43AF-8E89-D4ABD6EEEEFB}
	EndGlobalSection
EndGlobal
